{
  "name": "ux",
  "version": "1.0.0",
  "lockfileVersion": 2,
  "requires": true,
  "packages": {
    "": {
      "name": "ux",
      "version": "1.0.0",
      "license": "ISC",
      "dependencies": {
        "@progress/kendo-theme-default": "^4.39.0",
        "bootstrap-scss": "^5.0.2"
      }
    },
    "node_modules/@progress/kendo-theme-default": {
      "version": "4.39.0",
      "resolved": "https://registry.npmjs.org/@progress/kendo-theme-default/-/kendo-theme-default-4.39.0.tgz",
      "integrity": "sha512-0nXNscH1O5TsR7yTTXHVH6CuzzGAPPYwRPNKdVAResG2r7ypxqjVc5Jv1SG5NBrX11A54qwrnNdR/wRBdoyBOA=="
    },
    "node_modules/bootstrap-scss": {
      "version": "5.0.2",
      "resolved": "https://registry.npmjs.org/bootstrap-scss/-/bootstrap-scss-5.0.2.tgz",
      "integrity": "sha512-0LoPQEa4OgLXSMpAsvQLLt79C30hbD7EnbocAORkv92MW6lltJITWo5WwKlCa+sUfITJNE+bJyip2TlQ9XuaBg=="
    }
  },
  "dependencies": {
    "@progress/kendo-theme-default": {
      "version": "4.39.0",
      "resolved": "https://registry.npmjs.org/@progress/kendo-theme-default/-/kendo-theme-default-4.39.0.tgz",
      "integrity": "sha512-0nXNscH1O5TsR7yTTXHVH6CuzzGAPPYwRPNKdVAResG2r7ypxqjVc5Jv1SG5NBrX11A54qwrnNdR/wRBdoyBOA=="
    },
    "bootstrap-scss": {
      "version": "5.0.2",
      "resolved": "https://registry.npmjs.org/bootstrap-scss/-/bootstrap-scss-5.0.2.tgz",
      "integrity": "sha512-0LoPQEa4OgLXSMpAsvQLLt79C30hbD7EnbocAORkv92MW6lltJITWo5WwKlCa+sUfITJNE+bJyip2TlQ9XuaBg=="
    }
  }
}
